
Microsoft Visual Studio Solution File, Format Version 12.00
# Visual Studio Version 16
VisualStudioVersion = 16.0.31424.327
MinimumVisualStudioVersion = 10.0.40219.1
Project("{FAE04EC0-301F-11D3-BF4B-00C04F79EFBC}") = "ReadWriteFlag", "ReadWriteFlag\ReadWriteFlag.csproj", "{1077439F-8B0C-4227-B744-F563CED77BF1}"
EndProject
Project("{B1E792BE-AA5F-4E3C-8C82-674BF9C0715B}") = "TwinCAT_Demo_PLC", "TwinCAT_Demo_PLC\TwinCAT_Demo_PLC.tsproj", "{2AEF6D69-987E-4C7A-932E-FD81411C270A}"
EndProject
Project("{FAE04EC0-301F-11D3-BF4B-00C04F79EFBC}") = "AccessByVarName", "AccessByVarName\AccessByVarName.csproj", "{0E4AA665-1A11-43FF-9F26-9702C75AC487}"
EndProject
Project("{FAE04EC0-301F-11D3-BF4B-00C04F79EFBC}") = "EventReading", "EventReading\EventReading.csproj", "{0965AC91-F4D2-4E5D-A2DE-C26E878C57F7}"
EndProject
Project("{FAE04EC0-301F-11D3-BF4B-00C04F79EFBC}") = "ReadWriteString", "ReadWriteString\ReadWriteString.csproj", "{2E341608-3301-4E4B-9800-C4032B086629}"
EndProject
Project("{FAE04EC0-301F-11D3-BF4B-00C04F79EFBC}") = "ReadWriteDateTime", "ReadWriteDateTime\ReadWriteDateTime.csproj", "{109D3DC3-3A6B-404E-95BD-5DCE77F77A5D}"
EndProject
Project("{FAE04EC0-301F-11D3-BF4B-00C04F79EFBC}") = "ReadArray", "ReadArray\ReadArray.csproj", "{E85C2DF3-CC74-42F7-AE25-1C1AFAE797E1}"
EndProject
Project("{FAE04EC0-301F-11D3-BF4B-00C04F79EFBC}") = "WriteStruct", "WriteStruct\WriteStruct.csproj", "{1EAB443A-3FA8-4267-8989-4D11346EF73E}"
EndProject
Project("{FAE04EC0-301F-11D3-BF4B-00C04F79EFBC}") = "ReadWriteAnyType", "ReadWriteAnyType\ReadWriteAnyType.csproj", "{38A51FCC-0EE0-448F-AB07-4249B5B9B295}"
EndProject
Project("{FAE04EC0-301F-11D3-BF4B-00C04F79EFBC}") = "PLCStartStop", "PLCStartStop\PLCStartStop.csproj", "{863A6F27-DDFD-48EF-9136-61D31EF6AC10}"
EndProject
Project("{FAE04EC0-301F-11D3-BF4B-00C04F79EFBC}") = "AdsSumReadWrite", "AdsSumReadWrite\AdsSumReadWrite.csproj", "{96572E10-58E1-43AD-967F-7DAA705B3049}"
EndProject
Project("{FAE04EC0-301F-11D3-BF4B-00C04F79EFBC}") = "TcStateChange", "TcStateChange\TcStateChange.csproj", "{AA839BC4-B26A-4DD6-BB1C-9B8773388BCE}"
EndProject
Project("{FAE04EC0-301F-11D3-BF4B-00C04F79EFBC}") = "ReadVariableDeclaration", "ReadVariableDeclaration\ReadVariableDeclaration.csproj", "{200C9205-3DAE-4C99-B709-6BBF40680B09}"
EndProject
Project("{FAE04EC0-301F-11D3-BF4B-00C04F79EFBC}") = "MethodCall", "MethodCall\MethodCall.csproj", "{1E5F8F21-ED6B-4E5E-8BC4-6D0C534540DB}"
EndProject
Global
	GlobalSection(SolutionConfigurationPlatforms) = preSolution
		Debug|Any CPU = Debug|Any CPU
		Debug|Mixed Platforms = Debug|Mixed Platforms
		Debug|TwinCAT CE7 (ARMV7) = Debug|TwinCAT CE7 (ARMV7)
		Debug|TwinCAT RT (x64) = Debug|TwinCAT RT (x64)
		Debug|TwinCAT RT (x86) = Debug|TwinCAT RT (x86)
		Release|Any CPU = Release|Any CPU
		Release|Mixed Platforms = Release|Mixed Platforms
		Release|TwinCAT CE7 (ARMV7) = Release|TwinCAT CE7 (ARMV7)
		Release|TwinCAT RT (x64) = Release|TwinCAT RT (x64)
		Release|TwinCAT RT (x86) = Release|TwinCAT RT (x86)
	EndGlobalSection
	GlobalSection(ProjectConfigurationPlatforms) = postSolution
		{1077439F-8B0C-4227-B744-F563CED77BF1}.Debug|Any CPU.ActiveCfg = Debug|Any CPU
		{1077439F-8B0C-4227-B744-F563CED77BF1}.Debug|Any CPU.Build.0 = Debug|Any CPU
		{1077439F-8B0C-4227-B744-F563CED77BF1}.Debug|Mixed Platforms.ActiveCfg = Debug|Any CPU
		{1077439F-8B0C-4227-B744-F563CED77BF1}.Debug|Mixed Platforms.Build.0 = Debug|Any CPU
		{1077439F-8B0C-4227-B744-F563CED77BF1}.Debug|TwinCAT CE7 (ARMV7).ActiveCfg = Debug|Any CPU
		{1077439F-8B0C-4227-B744-F563CED77BF1}.Debug|TwinCAT RT (x64).ActiveCfg = Debug|Any CPU
		{1077439F-8B0C-4227-B744-F563CED77BF1}.Debug|TwinCAT RT (x86).ActiveCfg = Debug|Any CPU
		{1077439F-8B0C-4227-B744-F563CED77BF1}.Release|Any CPU.ActiveCfg = Release|Any CPU
		{1077439F-8B0C-4227-B744-F563CED77BF1}.Release|Any CPU.Build.0 = Release|Any CPU
		{1077439F-8B0C-4227-B744-F563CED77BF1}.Release|Mixed Platforms.ActiveCfg = Release|Any CPU
		{1077439F-8B0C-4227-B744-F563CED77BF1}.Release|Mixed Platforms.Build.0 = Release|Any CPU
		{1077439F-8B0C-4227-B744-F563CED77BF1}.Release|TwinCAT CE7 (ARMV7).ActiveCfg = Release|Any CPU
		{1077439F-8B0C-4227-B744-F563CED77BF1}.Release|TwinCAT RT (x64).ActiveCfg = Release|Any CPU
		{1077439F-8B0C-4227-B744-F563CED77BF1}.Release|TwinCAT RT (x86).ActiveCfg = Release|Any CPU
		{2AEF6D69-987E-4C7A-932E-FD81411C270A}.Debug|Any CPU.ActiveCfg = Debug|TwinCAT CE7 (ARMV7)
		{2AEF6D69-987E-4C7A-932E-FD81411C270A}.Debug|Mixed Platforms.ActiveCfg = Debug|TwinCAT CE7 (ARMV7)
		{2AEF6D69-987E-4C7A-932E-FD81411C270A}.Debug|Mixed Platforms.Build.0 = Debug|TwinCAT CE7 (ARMV7)
		{2AEF6D69-987E-4C7A-932E-FD81411C270A}.Debug|TwinCAT CE7 (ARMV7).ActiveCfg = Debug|TwinCAT CE7 (ARMV7)
		{2AEF6D69-987E-4C7A-932E-FD81411C270A}.Debug|TwinCAT CE7 (ARMV7).Build.0 = Debug|TwinCAT CE7 (ARMV7)
		{2AEF6D69-987E-4C7A-932E-FD81411C270A}.Debug|TwinCAT RT (x64).ActiveCfg = Debug|TwinCAT RT (x64)
		{2AEF6D69-987E-4C7A-932E-FD81411C270A}.Debug|TwinCAT RT (x64).Build.0 = Debug|TwinCAT RT (x64)
		{2AEF6D69-987E-4C7A-932E-FD81411C270A}.Debug|TwinCAT RT (x86).ActiveCfg = Debug|TwinCAT RT (x86)
		{2AEF6D69-987E-4C7A-932E-FD81411C270A}.Debug|TwinCAT RT (x86).Build.0 = Debug|TwinCAT RT (x86)
		{2AEF6D69-987E-4C7A-932E-FD81411C270A}.Release|Any CPU.ActiveCfg = Release|TwinCAT CE7 (ARMV7)
		{2AEF6D69-987E-4C7A-932E-FD81411C270A}.Release|Mixed Platforms.ActiveCfg = Release|TwinCAT CE7 (ARMV7)
		{2AEF6D69-987E-4C7A-932E-FD81411C270A}.Release|Mixed Platforms.Build.0 = Release|TwinCAT CE7 (ARMV7)
		{2AEF6D69-987E-4C7A-932E-FD81411C270A}.Release|TwinCAT CE7 (ARMV7).ActiveCfg = Release|TwinCAT CE7 (ARMV7)
		{2AEF6D69-987E-4C7A-932E-FD81411C270A}.Release|TwinCAT CE7 (ARMV7).Build.0 = Release|TwinCAT CE7 (ARMV7)
		{2AEF6D69-987E-4C7A-932E-FD81411C270A}.Release|TwinCAT RT (x64).ActiveCfg = Release|TwinCAT RT (x64)
		{2AEF6D69-987E-4C7A-932E-FD81411C270A}.Release|TwinCAT RT (x64).Build.0 = Release|TwinCAT RT (x64)
		{2AEF6D69-987E-4C7A-932E-FD81411C270A}.Release|TwinCAT RT (x86).ActiveCfg = Release|TwinCAT RT (x86)
		{2AEF6D69-987E-4C7A-932E-FD81411C270A}.Release|TwinCAT RT (x86).Build.0 = Release|TwinCAT RT (x86)
		{0E4AA665-1A11-43FF-9F26-9702C75AC487}.Debug|Any CPU.ActiveCfg = Debug|Any CPU
		{0E4AA665-1A11-43FF-9F26-9702C75AC487}.Debug|Any CPU.Build.0 = Debug|Any CPU
		{0E4AA665-1A11-43FF-9F26-9702C75AC487}.Debug|Mixed Platforms.ActiveCfg = Debug|Any CPU
		{0E4AA665-1A11-43FF-9F26-9702C75AC487}.Debug|Mixed Platforms.Build.0 = Debug|Any CPU
		{0E4AA665-1A11-43FF-9F26-9702C75AC487}.Debug|TwinCAT CE7 (ARMV7).ActiveCfg = Debug|Any CPU
		{0E4AA665-1A11-43FF-9F26-9702C75AC487}.Debug|TwinCAT RT (x64).ActiveCfg = Debug|Any CPU
		{0E4AA665-1A11-43FF-9F26-9702C75AC487}.Debug|TwinCAT RT (x86).ActiveCfg = Debug|Any CPU
		{0E4AA665-1A11-43FF-9F26-9702C75AC487}.Release|Any CPU.ActiveCfg = Release|Any CPU
		{0E4AA665-1A11-43FF-9F26-9702C75AC487}.Release|Any CPU.Build.0 = Release|Any CPU
		{0E4AA665-1A11-43FF-9F26-9702C75AC487}.Release|Mixed Platforms.ActiveCfg = Release|Any CPU
		{0E4AA665-1A11-43FF-9F26-9702C75AC487}.Release|Mixed Platforms.Build.0 = Release|Any CPU
		{0E4AA665-1A11-43FF-9F26-9702C75AC487}.Release|TwinCAT CE7 (ARMV7).ActiveCfg = Release|Any CPU
		{0E4AA665-1A11-43FF-9F26-9702C75AC487}.Release|TwinCAT RT (x64).ActiveCfg = Release|Any CPU
		{0E4AA665-1A11-43FF-9F26-9702C75AC487}.Release|TwinCAT RT (x86).ActiveCfg = Release|Any CPU
		{0965AC91-F4D2-4E5D-A2DE-C26E878C57F7}.Debug|Any CPU.ActiveCfg = Debug|Any CPU
		{0965AC91-F4D2-4E5D-A2DE-C26E878C57F7}.Debug|Any CPU.Build.0 = Debug|Any CPU
		{0965AC91-F4D2-4E5D-A2DE-C26E878C57F7}.Debug|Mixed Platforms.ActiveCfg = Debug|Any CPU
		{0965AC91-F4D2-4E5D-A2DE-C26E878C57F7}.Debug|Mixed Platforms.Build.0 = Debug|Any CPU
		{0965AC91-F4D2-4E5D-A2DE-C26E878C57F7}.Debug|TwinCAT CE7 (ARMV7).ActiveCfg = Debug|Any CPU
		{0965AC91-F4D2-4E5D-A2DE-C26E878C57F7}.Debug|TwinCAT RT (x64).ActiveCfg = Debug|Any CPU
		{0965AC91-F4D2-4E5D-A2DE-C26E878C57F7}.Debug|TwinCAT RT (x86).ActiveCfg = Debug|Any CPU
		{0965AC91-F4D2-4E5D-A2DE-C26E878C57F7}.Release|Any CPU.ActiveCfg = Release|Any CPU
		{0965AC91-F4D2-4E5D-A2DE-C26E878C57F7}.Release|Any CPU.Build.0 = Release|Any CPU
		{0965AC91-F4D2-4E5D-A2DE-C26E878C57F7}.Release|Mixed Platforms.ActiveCfg = Release|Any CPU
		{0965AC91-F4D2-4E5D-A2DE-C26E878C57F7}.Release|Mixed Platforms.Build.0 = Release|Any CPU
		{0965AC91-F4D2-4E5D-A2DE-C26E878C57F7}.Release|TwinCAT CE7 (ARMV7).ActiveCfg = Release|Any CPU
		{0965AC91-F4D2-4E5D-A2DE-C26E878C57F7}.Release|TwinCAT RT (x64).ActiveCfg = Release|Any CPU
		{0965AC91-F4D2-4E5D-A2DE-C26E878C57F7}.Release|TwinCAT RT (x86).ActiveCfg = Release|Any CPU
		{2E341608-3301-4E4B-9800-C4032B086629}.Debug|Any CPU.ActiveCfg = Debug|Any CPU
		{2E341608-3301-4E4B-9800-C4032B086629}.Debug|Any CPU.Build.0 = Debug|Any CPU
		{2E341608-3301-4E4B-9800-C4032B086629}.Debug|Mixed Platforms.ActiveCfg = Debug|Any CPU
		{2E341608-3301-4E4B-9800-C4032B086629}.Debug|Mixed Platforms.Build.0 = Debug|Any CPU
		{2E341608-3301-4E4B-9800-C4032B086629}.Debug|TwinCAT CE7 (ARMV7).ActiveCfg = Debug|Any CPU
		{2E341608-3301-4E4B-9800-C4032B086629}.Debug|TwinCAT RT (x64).ActiveCfg = Debug|Any CPU
		{2E341608-3301-4E4B-9800-C4032B086629}.Debug|TwinCAT RT (x86).ActiveCfg = Debug|Any CPU
		{2E341608-3301-4E4B-9800-C4032B086629}.Release|Any CPU.ActiveCfg = Release|Any CPU
		{2E341608-3301-4E4B-9800-C4032B086629}.Release|Any CPU.Build.0 = Release|Any CPU
		{2E341608-3301-4E4B-9800-C4032B086629}.Release|Mixed Platforms.ActiveCfg = Release|Any CPU
		{2E341608-3301-4E4B-9800-C4032B086629}.Release|Mixed Platforms.Build.0 = Release|Any CPU
		{2E341608-3301-4E4B-9800-C4032B086629}.Release|TwinCAT CE7 (ARMV7).ActiveCfg = Release|Any CPU
		{2E341608-3301-4E4B-9800-C4032B086629}.Release|TwinCAT RT (x64).ActiveCfg = Release|Any CPU
		{2E341608-3301-4E4B-9800-C4032B086629}.Release|TwinCAT RT (x86).ActiveCfg = Release|Any CPU
		{109D3DC3-3A6B-404E-95BD-5DCE77F77A5D}.Debug|Any CPU.ActiveCfg = Debug|Any CPU
		{109D3DC3-3A6B-404E-95BD-5DCE77F77A5D}.Debug|Any CPU.Build.0 = Debug|Any CPU
		{109D3DC3-3A6B-404E-95BD-5DCE77F77A5D}.Debug|Mixed Platforms.ActiveCfg = Debug|Any CPU
		{109D3DC3-3A6B-404E-95BD-5DCE77F77A5D}.Debug|Mixed Platforms.Build.0 = Debug|Any CPU
		{109D3DC3-3A6B-404E-95BD-5DCE77F77A5D}.Debug|TwinCAT CE7 (ARMV7).ActiveCfg = Debug|Any CPU
		{109D3DC3-3A6B-404E-95BD-5DCE77F77A5D}.Debug|TwinCAT RT (x64).ActiveCfg = Debug|Any CPU
		{109D3DC3-3A6B-404E-95BD-5DCE77F77A5D}.Debug|TwinCAT RT (x86).ActiveCfg = Debug|Any CPU
		{109D3DC3-3A6B-404E-95BD-5DCE77F77A5D}.Release|Any CPU.ActiveCfg = Release|Any CPU
		{109D3DC3-3A6B-404E-95BD-5DCE77F77A5D}.Release|Any CPU.Build.0 = Release|Any CPU
		{109D3DC3-3A6B-404E-95BD-5DCE77F77A5D}.Release|Mixed Platforms.ActiveCfg = Release|Any CPU
		{109D3DC3-3A6B-404E-95BD-5DCE77F77A5D}.Release|Mixed Platforms.Build.0 = Release|Any CPU
		{109D3DC3-3A6B-404E-95BD-5DCE77F77A5D}.Release|TwinCAT CE7 (ARMV7).ActiveCfg = Release|Any CPU
		{109D3DC3-3A6B-404E-95BD-5DCE77F77A5D}.Release|TwinCAT RT (x64).ActiveCfg = Release|Any CPU
		{109D3DC3-3A6B-404E-95BD-5DCE77F77A5D}.Release|TwinCAT RT (x86).ActiveCfg = Release|Any CPU
		{E85C2DF3-CC74-42F7-AE25-1C1AFAE797E1}.Debug|Any CPU.ActiveCfg = Debug|Any CPU
		{E85C2DF3-CC74-42F7-AE25-1C1AFAE797E1}.Debug|Any CPU.Build.0 = Debug|Any CPU
		{E85C2DF3-CC74-42F7-AE25-1C1AFAE797E1}.Debug|Mixed Platforms.ActiveCfg = Debug|Any CPU
		{E85C2DF3-CC74-42F7-AE25-1C1AFAE797E1}.Debug|Mixed Platforms.Build.0 = Debug|Any CPU
		{E85C2DF3-CC74-42F7-AE25-1C1AFAE797E1}.Debug|TwinCAT CE7 (ARMV7).ActiveCfg = Debug|Any CPU
		{E85C2DF3-CC74-42F7-AE25-1C1AFAE797E1}.Debug|TwinCAT RT (x64).ActiveCfg = Debug|Any CPU
		{E85C2DF3-CC74-42F7-AE25-1C1AFAE797E1}.Debug|TwinCAT RT (x86).ActiveCfg = Debug|Any CPU
		{E85C2DF3-CC74-42F7-AE25-1C1AFAE797E1}.Release|Any CPU.ActiveCfg = Release|Any CPU
		{E85C2DF3-CC74-42F7-AE25-1C1AFAE797E1}.Release|Any CPU.Build.0 = Release|Any CPU
		{E85C2DF3-CC74-42F7-AE25-1C1AFAE797E1}.Release|Mixed Platforms.ActiveCfg = Release|Any CPU
		{E85C2DF3-CC74-42F7-AE25-1C1AFAE797E1}.Release|Mixed Platforms.Build.0 = Release|Any CPU
		{E85C2DF3-CC74-42F7-AE25-1C1AFAE797E1}.Release|TwinCAT CE7 (ARMV7).ActiveCfg = Release|Any CPU
		{E85C2DF3-CC74-42F7-AE25-1C1AFAE797E1}.Release|TwinCAT RT (x64).ActiveCfg = Release|Any CPU
		{E85C2DF3-CC74-42F7-AE25-1C1AFAE797E1}.Release|TwinCAT RT (x86).ActiveCfg = Release|Any CPU
		{1EAB443A-3FA8-4267-8989-4D11346EF73E}.Debug|Any CPU.ActiveCfg = Debug|Any CPU
		{1EAB443A-3FA8-4267-8989-4D11346EF73E}.Debug|Any CPU.Build.0 = Debug|Any CPU
		{1EAB443A-3FA8-4267-8989-4D11346EF73E}.Debug|Mixed Platforms.ActiveCfg = Debug|Any CPU
		{1EAB443A-3FA8-4267-8989-4D11346EF73E}.Debug|Mixed Platforms.Build.0 = Debug|Any CPU
		{1EAB443A-3FA8-4267-8989-4D11346EF73E}.Debug|TwinCAT CE7 (ARMV7).ActiveCfg = Debug|Any CPU
		{1EAB443A-3FA8-4267-8989-4D11346EF73E}.Debug|TwinCAT RT (x64).ActiveCfg = Debug|Any CPU
		{1EAB443A-3FA8-4267-8989-4D11346EF73E}.Debug|TwinCAT RT (x86).ActiveCfg = Debug|Any CPU
		{1EAB443A-3FA8-4267-8989-4D11346EF73E}.Release|Any CPU.ActiveCfg = Release|Any CPU
		{1EAB443A-3FA8-4267-8989-4D11346EF73E}.Release|Any CPU.Build.0 = Release|Any CPU
		{1EAB443A-3FA8-4267-8989-4D11346EF73E}.Release|Mixed Platforms.ActiveCfg = Release|Any CPU
		{1EAB443A-3FA8-4267-8989-4D11346EF73E}.Release|Mixed Platforms.Build.0 = Release|Any CPU
		{1EAB443A-3FA8-4267-8989-4D11346EF73E}.Release|TwinCAT CE7 (ARMV7).ActiveCfg = Release|Any CPU
		{1EAB443A-3FA8-4267-8989-4D11346EF73E}.Release|TwinCAT RT (x64).ActiveCfg = Release|Any CPU
		{1EAB443A-3FA8-4267-8989-4D11346EF73E}.Release|TwinCAT RT (x86).ActiveCfg = Release|Any CPU
		{38A51FCC-0EE0-448F-AB07-4249B5B9B295}.Debug|Any CPU.ActiveCfg = Debug|Any CPU
		{38A51FCC-0EE0-448F-AB07-4249B5B9B295}.Debug|Any CPU.Build.0 = Debug|Any CPU
		{38A51FCC-0EE0-448F-AB07-4249B5B9B295}.Debug|Mixed Platforms.ActiveCfg = Debug|Any CPU
		{38A51FCC-0EE0-448F-AB07-4249B5B9B295}.Debug|Mixed Platforms.Build.0 = Debug|Any CPU
		{38A51FCC-0EE0-448F-AB07-4249B5B9B295}.Debug|TwinCAT CE7 (ARMV7).ActiveCfg = Debug|Any CPU
		{38A51FCC-0EE0-448F-AB07-4249B5B9B295}.Debug|TwinCAT RT (x64).ActiveCfg = Debug|Any CPU
		{38A51FCC-0EE0-448F-AB07-4249B5B9B295}.Debug|TwinCAT RT (x86).ActiveCfg = Debug|Any CPU
		{38A51FCC-0EE0-448F-AB07-4249B5B9B295}.Release|Any CPU.ActiveCfg = Release|Any CPU
		{38A51FCC-0EE0-448F-AB07-4249B5B9B295}.Release|Any CPU.Build.0 = Release|Any CPU
		{38A51FCC-0EE0-448F-AB07-4249B5B9B295}.Release|Mixed Platforms.ActiveCfg = Release|Any CPU
		{38A51FCC-0EE0-448F-AB07-4249B5B9B295}.Release|Mixed Platforms.Build.0 = Release|Any CPU
		{38A51FCC-0EE0-448F-AB07-4249B5B9B295}.Release|TwinCAT CE7 (ARMV7).ActiveCfg = Release|Any CPU
		{38A51FCC-0EE0-448F-AB07-4249B5B9B295}.Release|TwinCAT RT (x64).ActiveCfg = Release|Any CPU
		{38A51FCC-0EE0-448F-AB07-4249B5B9B295}.Release|TwinCAT RT (x86).ActiveCfg = Release|Any CPU
		{863A6F27-DDFD-48EF-9136-61D31EF6AC10}.Debug|Any CPU.ActiveCfg = Debug|Any CPU
		{863A6F27-DDFD-48EF-9136-61D31EF6AC10}.Debug|Any CPU.Build.0 = Debug|Any CPU
		{863A6F27-DDFD-48EF-9136-61D31EF6AC10}.Debug|Mixed Platforms.ActiveCfg = Debug|Any CPU
		{863A6F27-DDFD-48EF-9136-61D31EF6AC10}.Debug|Mixed Platforms.Build.0 = Debug|Any CPU
		{863A6F27-DDFD-48EF-9136-61D31EF6AC10}.Debug|TwinCAT CE7 (ARMV7).ActiveCfg = Debug|Any CPU
		{863A6F27-DDFD-48EF-9136-61D31EF6AC10}.Debug|TwinCAT RT (x64).ActiveCfg = Debug|Any CPU
		{863A6F27-DDFD-48EF-9136-61D31EF6AC10}.Debug|TwinCAT RT (x86).ActiveCfg = Debug|Any CPU
		{863A6F27-DDFD-48EF-9136-61D31EF6AC10}.Release|Any CPU.ActiveCfg = Release|Any CPU
		{863A6F27-DDFD-48EF-9136-61D31EF6AC10}.Release|Any CPU.Build.0 = Release|Any CPU
		{863A6F27-DDFD-48EF-9136-61D31EF6AC10}.Release|Mixed Platforms.ActiveCfg = Release|Any CPU
		{863A6F27-DDFD-48EF-9136-61D31EF6AC10}.Release|Mixed Platforms.Build.0 = Release|Any CPU
		{863A6F27-DDFD-48EF-9136-61D31EF6AC10}.Release|TwinCAT CE7 (ARMV7).ActiveCfg = Release|Any CPU
		{863A6F27-DDFD-48EF-9136-61D31EF6AC10}.Release|TwinCAT RT (x64).ActiveCfg = Release|Any CPU
		{863A6F27-DDFD-48EF-9136-61D31EF6AC10}.Release|TwinCAT RT (x86).ActiveCfg = Release|Any CPU
		{96572E10-58E1-43AD-967F-7DAA705B3049}.Debug|Any CPU.ActiveCfg = Debug|Any CPU
		{96572E10-58E1-43AD-967F-7DAA705B3049}.Debug|Any CPU.Build.0 = Debug|Any CPU
		{96572E10-58E1-43AD-967F-7DAA705B3049}.Debug|Mixed Platforms.ActiveCfg = Debug|Any CPU
		{96572E10-58E1-43AD-967F-7DAA705B3049}.Debug|Mixed Platforms.Build.0 = Debug|Any CPU
		{96572E10-58E1-43AD-967F-7DAA705B3049}.Debug|TwinCAT CE7 (ARMV7).ActiveCfg = Debug|Any CPU
		{96572E10-58E1-43AD-967F-7DAA705B3049}.Debug|TwinCAT RT (x64).ActiveCfg = Debug|Any CPU
		{96572E10-58E1-43AD-967F-7DAA705B3049}.Debug|TwinCAT RT (x86).ActiveCfg = Debug|Any CPU
		{96572E10-58E1-43AD-967F-7DAA705B3049}.Release|Any CPU.ActiveCfg = Release|Any CPU
		{96572E10-58E1-43AD-967F-7DAA705B3049}.Release|Any CPU.Build.0 = Release|Any CPU
		{96572E10-58E1-43AD-967F-7DAA705B3049}.Release|Mixed Platforms.ActiveCfg = Release|Any CPU
		{96572E10-58E1-43AD-967F-7DAA705B3049}.Release|Mixed Platforms.Build.0 = Release|Any CPU
		{96572E10-58E1-43AD-967F-7DAA705B3049}.Release|TwinCAT CE7 (ARMV7).ActiveCfg = Release|Any CPU
		{96572E10-58E1-43AD-967F-7DAA705B3049}.Release|TwinCAT RT (x64).ActiveCfg = Release|Any CPU
		{96572E10-58E1-43AD-967F-7DAA705B3049}.Release|TwinCAT RT (x86).ActiveCfg = Release|Any CPU
		{AA839BC4-B26A-4DD6-BB1C-9B8773388BCE}.Debug|Any CPU.ActiveCfg = Debug|Any CPU
		{AA839BC4-B26A-4DD6-BB1C-9B8773388BCE}.Debug|Any CPU.Build.0 = Debug|Any CPU
		{AA839BC4-B26A-4DD6-BB1C-9B8773388BCE}.Debug|Mixed Platforms.ActiveCfg = Debug|Any CPU
		{AA839BC4-B26A-4DD6-BB1C-9B8773388BCE}.Debug|Mixed Platforms.Build.0 = Debug|Any CPU
		{AA839BC4-B26A-4DD6-BB1C-9B8773388BCE}.Debug|TwinCAT CE7 (ARMV7).ActiveCfg = Debug|Any CPU
		{AA839BC4-B26A-4DD6-BB1C-9B8773388BCE}.Debug|TwinCAT RT (x64).ActiveCfg = Debug|Any CPU
		{AA839BC4-B26A-4DD6-BB1C-9B8773388BCE}.Debug|TwinCAT RT (x86).ActiveCfg = Debug|Any CPU
		{AA839BC4-B26A-4DD6-BB1C-9B8773388BCE}.Release|Any CPU.ActiveCfg = Release|Any CPU
		{AA839BC4-B26A-4DD6-BB1C-9B8773388BCE}.Release|Any CPU.Build.0 = Release|Any CPU
		{AA839BC4-B26A-4DD6-BB1C-9B8773388BCE}.Release|Mixed Platforms.ActiveCfg = Release|Any CPU
		{AA839BC4-B26A-4DD6-BB1C-9B8773388BCE}.Release|Mixed Platforms.Build.0 = Release|Any CPU
		{AA839BC4-B26A-4DD6-BB1C-9B8773388BCE}.Release|TwinCAT CE7 (ARMV7).ActiveCfg = Release|Any CPU
		{AA839BC4-B26A-4DD6-BB1C-9B8773388BCE}.Release|TwinCAT RT (x64).ActiveCfg = Release|Any CPU
		{AA839BC4-B26A-4DD6-BB1C-9B8773388BCE}.Release|TwinCAT RT (x86).ActiveCfg = Release|Any CPU
		{200C9205-3DAE-4C99-B709-6BBF40680B09}.Debug|Any CPU.ActiveCfg = Debug|Any CPU
		{200C9205-3DAE-4C99-B709-6BBF40680B09}.Debug|Any CPU.Build.0 = Debug|Any CPU
		{200C9205-3DAE-4C99-B709-6BBF40680B09}.Debug|Mixed Platforms.ActiveCfg = Debug|Any CPU
		{200C9205-3DAE-4C99-B709-6BBF40680B09}.Debug|Mixed Platforms.Build.0 = Debug|Any CPU
		{200C9205-3DAE-4C99-B709-6BBF40680B09}.Debug|TwinCAT CE7 (ARMV7).ActiveCfg = Debug|Any CPU
		{200C9205-3DAE-4C99-B709-6BBF40680B09}.Debug|TwinCAT RT (x64).ActiveCfg = Debug|Any CPU
		{200C9205-3DAE-4C99-B709-6BBF40680B09}.Debug|TwinCAT RT (x86).ActiveCfg = Debug|Any CPU
		{200C9205-3DAE-4C99-B709-6BBF40680B09}.Release|Any CPU.ActiveCfg = Release|Any CPU
		{200C9205-3DAE-4C99-B709-6BBF40680B09}.Release|Any CPU.Build.0 = Release|Any CPU
		{200C9205-3DAE-4C99-B709-6BBF40680B09}.Release|Mixed Platforms.ActiveCfg = Release|Any CPU
		{200C9205-3DAE-4C99-B709-6BBF40680B09}.Release|Mixed Platforms.Build.0 = Release|Any CPU
		{200C9205-3DAE-4C99-B709-6BBF40680B09}.Release|TwinCAT CE7 (ARMV7).ActiveCfg = Release|Any CPU
		{200C9205-3DAE-4C99-B709-6BBF40680B09}.Release|TwinCAT RT (x64).ActiveCfg = Release|Any CPU
		{200C9205-3DAE-4C99-B709-6BBF40680B09}.Release|TwinCAT RT (x86).ActiveCfg = Release|Any CPU
		{1E5F8F21-ED6B-4E5E-8BC4-6D0C534540DB}.Debug|Any CPU.ActiveCfg = Debug|Any CPU
		{1E5F8F21-ED6B-4E5E-8BC4-6D0C534540DB}.Debug|Any CPU.Build.0 = Debug|Any CPU
		{1E5F8F21-ED6B-4E5E-8BC4-6D0C534540DB}.Debug|Mixed Platforms.ActiveCfg = Debug|Any CPU
		{1E5F8F21-ED6B-4E5E-8BC4-6D0C534540DB}.Debug|Mixed Platforms.Build.0 = Debug|Any CPU
		{1E5F8F21-ED6B-4E5E-8BC4-6D0C534540DB}.Debug|TwinCAT CE7 (ARMV7).ActiveCfg = Debug|Any CPU
		{1E5F8F21-ED6B-4E5E-8BC4-6D0C534540DB}.Debug|TwinCAT RT (x64).ActiveCfg = Debug|Any CPU
		{1E5F8F21-ED6B-4E5E-8BC4-6D0C534540DB}.Debug|TwinCAT RT (x86).ActiveCfg = Debug|Any CPU
		{1E5F8F21-ED6B-4E5E-8BC4-6D0C534540DB}.Release|Any CPU.ActiveCfg = Release|Any CPU
		{1E5F8F21-ED6B-4E5E-8BC4-6D0C534540DB}.Release|Any CPU.Build.0 = Release|Any CPU
		{1E5F8F21-ED6B-4E5E-8BC4-6D0C534540DB}.Release|Mixed Platforms.ActiveCfg = Release|Any CPU
		{1E5F8F21-ED6B-4E5E-8BC4-6D0C534540DB}.Release|Mixed Platforms.Build.0 = Release|Any CPU
		{1E5F8F21-ED6B-4E5E-8BC4-6D0C534540DB}.Release|TwinCAT CE7 (ARMV7).ActiveCfg = Release|Any CPU
		{1E5F8F21-ED6B-4E5E-8BC4-6D0C534540DB}.Release|TwinCAT RT (x64).ActiveCfg = Release|Any CPU
		{1E5F8F21-ED6B-4E5E-8BC4-6D0C534540DB}.Release|TwinCAT RT (x86).ActiveCfg = Release|Any CPU
	EndGlobalSection
	GlobalSection(SolutionProperties) = preSolution
		HideSolutionNode = FALSE
	EndGlobalSection
	GlobalSection(ExtensibilityGlobals) = postSolution
		SolutionGuid = {323595C3-F67C-4C95-ADF9-023DF8B18D2D}
	EndGlobalSection
EndGlobal
