
Microsoft Visual Studio Solution File, Format Version 12.00
# Visual Studio Version 16
VisualStudioVersion = 16.0.31424.327
MinimumVisualStudioVersion = 10.0.40219.1
Project("{FAE04EC0-301F-11D3-BF4B-00C04F79EFBC}") = "Test.AdsServerClr4", "Test.AdsServerClr4.csproj", "{929F4EF0-4652-432C-9C14-998F618F1444}"
EndProject
Global
	GlobalSection(SolutionConfigurationPlatforms) = preSolution
		Debug|Any CPU = Debug|Any CPU
		Release|Any CPU = Release|Any CPU
		TeamRelease|Any CPU = TeamRelease|Any CPU
	EndGlobalSection
	GlobalSection(ProjectConfigurationPlatforms) = postSolution
		{929F4EF0-4652-432C-9C14-998F618F1444}.Debug|Any CPU.ActiveCfg = Debug|Any CPU
		{929F4EF0-4652-432C-9C14-998F618F1444}.Debug|Any CPU.Build.0 = Debug|Any CPU
		{929F4EF0-4652-432C-9C14-998F618F1444}.Release|Any CPU.ActiveCfg = Release|Any CPU
		{929F4EF0-4652-432C-9C14-998F618F1444}.Release|Any CPU.Build.0 = Release|Any CPU
		{929F4EF0-4652-432C-9C14-998F618F1444}.TeamRelease|Any CPU.ActiveCfg = TeamRelease|Any CPU
		{929F4EF0-4652-432C-9C14-998F618F1444}.TeamRelease|Any CPU.Build.0 = TeamRelease|Any CPU
	EndGlobalSection
	GlobalSection(SolutionProperties) = preSolution
		HideSolutionNode = FALSE
	EndGlobalSection
	GlobalSection(ExtensibilityGlobals) = postSolution
		SolutionGuid = {847B0169-F064-4AD5-9E0A-C9ECA462E466}
	EndGlobalSection
	GlobalSection(TeamFoundationVersionControl) = preSolution
		SccNumberOfProjects = 1
		SccEnterpriseProvider = {4CA58AB2-18FA-4F8D-95D4-32DDF27D184C}
		SccTeamFoundationServer = http://nt-teamfd02:8080/tfs/defaultcollection
		SccProjectUniqueName0 = Test.AdsServerClr4.csproj
		SccProjectName0 = .
		SccAuxPath0 = http://nt-teamfd02:8080/tfs/defaultcollection
		SccLocalPath0 = .
		SccProvider0 = {4CA58AB2-18FA-4F8D-95D4-32DDF27D184C}
	EndGlobalSection
EndGlobal
